
Microsoft Visual Studio Solution File, Format Version 12.00
# Visual Studio Version 17
VisualStudioVersion = 17.0.32112.339
MinimumVisualStudioVersion = 10.0.40219.1
Project("{9A19103F-16F7-4668-BE54-9A1E7A4F7556}") = "ShodanAPI", "ShodanAPI.csproj", "{261A079A-2138-433B-8F8D-CD6419022B48}"
EndProject
Project("{FAE04EC0-301F-11D3-BF4B-00C04F79EFBC}") = "TestApp", "..\TestApp\TestApp.csproj", "{0508DC8B-4914-4996-8BC2-6587154B58F6}"
	ProjectSection(ProjectDependencies) = postProject
		{261A079A-2138-433B-8F8D-CD6419022B48} = {261A079A-2138-433B-8F8D-CD6419022B48}
	EndProjectSection
EndProject
Global
	GlobalSection(SolutionConfigurationPlatforms) = preSolution
		Debug|Any CPU = Debug|Any CPU
		Release|Any CPU = Release|Any CPU
	EndGlobalSection
	GlobalSection(ProjectConfigurationPlatforms) = postSolution
		{261A079A-2138-433B-8F8D-CD6419022B48}.Debug|Any CPU.ActiveCfg = Debug|Any CPU
		{261A079A-2138-433B-8F8D-CD6419022B48}.Debug|Any CPU.Build.0 = Debug|Any CPU
		{261A079A-2138-433B-8F8D-CD6419022B48}.Release|Any CPU.ActiveCfg = Release|Any CPU
		{261A079A-2138-433B-8F8D-CD6419022B48}.Release|Any CPU.Build.0 = Release|Any CPU
		{0508DC8B-4914-4996-8BC2-6587154B58F6}.Debug|Any CPU.ActiveCfg = Debug|Any CPU
		{0508DC8B-4914-4996-8BC2-6587154B58F6}.Debug|Any CPU.Build.0 = Debug|Any CPU
		{0508DC8B-4914-4996-8BC2-6587154B58F6}.Release|Any CPU.ActiveCfg = Release|Any CPU
		{0508DC8B-4914-4996-8BC2-6587154B58F6}.Release|Any CPU.Build.0 = Release|Any CPU
	EndGlobalSection
	GlobalSection(SolutionProperties) = preSolution
		HideSolutionNode = FALSE
	EndGlobalSection
	GlobalSection(ExtensibilityGlobals) = postSolution
		SolutionGuid = {125B9DF4-1521-40B3-9A31-BCE8BBE1ECF6}
	EndGlobalSection
EndGlobal
